Microsoft Visual Studio Solution File, Format Version 12.00
# Visual Studio Version 17
VisualStudioVersion = 17.0.31903.59
MinimumVisualStudioVersion = 10.0.40219.1
Project("{FAE04EC0-301F-11D3-BF4B-00C04F79EFBC}") = "TransactionalMemory.Core", "src\TransactionalMemory.Core\TransactionalMemory.Core.csproj", "{7BD79980-97A9-4E84-AD57-1F4336E5D842}"
EndProject
Project("{FAE04EC0-301F-11D3-BF4B-00C04F79EFBC}") = "TransactionalMemory.Maui", "src\TransactionalMemory.Maui\TransactionalMemory.Maui.csproj", "{4A93D3D3-8772-4B37-9B9D-DFBE165E3D7A}"
EndProject
Project("{FAE04EC0-301F-11D3-BF4B-00C04F79EFBC}") = "TransactionalMemory.Core.Specs", "tests\TransactionalMemory.Core.Specs\TransactionalMemory.Core.Specs.csproj", "{F2207E02-1A64-4C0A-A0F7-AD8D446C772C}"
EndProject
Global
    GlobalSection(SolutionConfigurationPlatforms) = preSolution
        Debug|Any CPU = Debug|Any CPU
        Release|Any CPU = Release|Any CPU
    EndGlobalSection
    GlobalSection(ProjectConfigurationPlatforms) = postSolution
        {7BD79980-97A9-4E84-AD57-1F4336E5D842}.Debug|Any CPU.ActiveCfg = Debug|Any CPU
        {7BD79980-97A9-4E84-AD57-1F4336E5D842}.Debug|Any CPU.Build.0 = Debug|Any CPU
        {7BD79980-97A9-4E84-AD57-1F4336E5D842}.Release|Any CPU.ActiveCfg = Release|Any CPU
        {7BD79980-97A9-4E84-AD57-1F4336E5D842}.Release|Any CPU.Build.0 = Release|Any CPU
        {4A93D3D3-8772-4B37-9B9D-DFBE165E3D7A}.Debug|Any CPU.ActiveCfg = Debug|Any CPU
        {4A93D3D3-8772-4B37-9B9D-DFBE165E3D7A}.Debug|Any CPU.Build.0 = Debug|Any CPU
        {4A93D3D3-8772-4B37-9B9D-DFBE165E3D7A}.Release|Any CPU.ActiveCfg = Release|Any CPU
        {4A93D3D3-8772-4B37-9B9D-DFBE165E3D7A}.Release|Any CPU.Build.0 = Release|Any CPU
        {F2207E02-1A64-4C0A-A0F7-AD8D446C772C}.Debug|Any CPU.ActiveCfg = Debug|Any CPU
        {F2207E02-1A64-4C0A-A0F7-AD8D446C772C}.Debug|Any CPU.Build.0 = Debug|Any CPU
        {F2207E02-1A64-4C0A-A0F7-AD8D446C772C}.Release|Any CPU.ActiveCfg = Release|Any CPU
        {F2207E02-1A64-4C0A-A0F7-AD8D446C772C}.Release|Any CPU.Build.0 = Release|Any CPU
    EndGlobalSection
EndGlobal
